
Microsoft Visual Studio Solution File, Format Version 12.00
# Visual Studio 15
VisualStudioVersion = 15.0.28010.2041
MinimumVisualStudioVersion = 10.0.40219.1
Project("{FAE04EC0-301F-11D3-BF4B-00C04F79EFBC}") = "d3t2", "d3t2.csproj", "{A120A5E3-F9F5-45AE-8E37-0335EEFABB98}"
EndProject
Global
	GlobalSection(SolutionConfigurationPlatforms) = preSolution
		Debug|Any CPU = Debug|Any CPU
		Release|Any CPU = Release|Any CPU
	EndGlobalSection
	GlobalSection(ProjectConfigurationPlatforms) = postSolution
		{A120A5E3-F9F5-45AE-8E37-0335EEFABB98}.Debug|Any CPU.ActiveCfg = Debug|Any CPU
		{A120A5E3-F9F5-45AE-8E37-0335EEFABB98}.Debug|Any CPU.Build.0 = Debug|Any CPU
		{A120A5E3-F9F5-45AE-8E37-0335EEFABB98}.Release|Any CPU.ActiveCfg = Release|Any CPU
		{A120A5E3-F9F5-45AE-8E37-0335EEFABB98}.Release|Any CPU.Build.0 = Release|Any CPU
	EndGlobalSection
	GlobalSection(SolutionProperties) = preSolution
		HideSolutionNode = FALSE
	EndGlobalSection
	GlobalSection(ExtensibilityGlobals) = postSolution
		SolutionGuid = {FFDE02BD-3FBB-4239-9EBA-4158F1522CB7}
	EndGlobalSection
EndGlobal
